# THIS IS AN AUTOGENERATED FILE. DO NOT EDIT THIS FILE DIRECTLY.
# yarn lockfile v1


Base64@~0.1.2:
  version "0.1.4"
  resolved "https://registry.yarnpkg.com/Base64/-/Base64-0.1.4.tgz#e9f6c6bef567fd635ea4162ab14dd329e74aa6de"

backoff@~1.0.0:
  version "1.0.0"
  resolved "https://registry.yarnpkg.com/backoff/-/backoff-1.0.0.tgz#00982f78158ec6d03f99693ec0fb5f7b2ad1e28e"

bal-util@1.13.x:
  version "1.13.13"
  resolved "https://registry.yarnpkg.com/bal-util/-/bal-util-1.13.13.tgz#632c49520a367ec5aa854688e10827d9b519325f"

base64-js@0.0.2:
  version "0.0.2"
  resolved "https://registry.yarnpkg.com/base64-js/-/base64-js-0.0.2.tgz#024f0f72afa25b75f9c0ee73cd4f55ec1bed9784"

bops@0.0.6:
  version "0.0.6"
  resolved "https://registry.yarnpkg.com/bops/-/bops-0.0.6.tgz#082d1d55fa01e60dbdc2ebc2dba37f659554cf3a"
  dependencies:
    base64-js "0.0.2"
    to-utf8 "0.0.1"

browserify-server@~2.0.3:
  version "2.0.4"
  resolved "https://registry.yarnpkg.com/browserify-server/-/browserify-server-2.0.4.tgz#b64a5f4eab90bf76418f9492664db41f9c4f7a86"
  dependencies:
    browserify "~1.16.1"
    ecstatic "~0.1.6"
    filed "0.0.7"
    optimist "~0.3.4"

browserify@~1.16.1:
  version "1.16.8"
  resolved "https://registry.yarnpkg.com/browserify/-/browserify-1.16.8.tgz#d33788cedbb2661eb2ef778f5e20ded69d451f01"
  dependencies:
    buffer-browserify "~0.0.1"
    coffee-script "1.x.x"
    commondir "~0.0.1"
    crypto-browserify "~0"
    deputy "~0.0.3"
    detective "~0.2.0"
    http-browserify "~0.1.1"
    nub "~0.0.0"
    optimist "~0.3.4"
    resolve "~0.2.0"
    syntax-error "~0.0.0"
    vm-browserify "~0.0.0"

buffer-browserify@~0.0.1:
  version "0.0.5"
  resolved "https://registry.yarnpkg.com/buffer-browserify/-/buffer-browserify-0.0.5.tgz#8aa68631c8a8829c6a4ee7ef9a3ac7f2c31e983e"
  dependencies:
    base64-js "0.0.2"

coffee-script@1.x.x:
  version "1.12.7"
  resolved "https://registry.yarnpkg.com/coffee-script/-/coffee-script-1.12.7.tgz#c05dae0cb79591d05b3070a8433a98c9a89ccc53"

commondir@~0.0.1:
  version "0.0.2"
  resolved "https://registry.yarnpkg.com/commondir/-/commondir-0.0.2.tgz#c49c8880c6fe96844bb3525dd2e7314050c389ee"

concat-stream@~1.0.0:
  version "1.0.1"
  resolved "https://registry.yarnpkg.com/concat-stream/-/concat-stream-1.0.1.tgz#018b18bc1c7d073a2dc82aa48442341a2c4dd79f"
  dependencies:
    bops "0.0.6"

crypto-browserify@~0:
  version "0.4.0"
  resolved "https://registry.yarnpkg.com/crypto-browserify/-/crypto-browserify-0.4.0.tgz#246f6a337b884c99ffe8bfb085a184aee60c33f3"

deputy@~0.0.3:
  version "0.0.4"
  resolved "https://registry.yarnpkg.com/deputy/-/deputy-0.0.4.tgz#edc00a9ef5c53527c405328534c99795ada41cbf"
  dependencies:
    detective "~0.2.0"
    mkdirp "~0.3.3"

detective@~0.2.0:
  version "0.2.1"
  resolved "https://registry.yarnpkg.com/detective/-/detective-0.2.1.tgz#9ce92601fd223810c29432ad034f8c62d8b8654f"
  dependencies:
    esprima "~0.9.9"

ecstatic@~0.1.6:
  version "0.1.7"
  resolved "https://registry.yarnpkg.com/ecstatic/-/ecstatic-0.1.7.tgz#b2210568789c029f610ea4e00395bbaf62201034"
  dependencies:
    ent "0.0.x"
    mime "1.2.5"

ent@0.0.x:
  version "0.0.7"
  resolved "https://registry.yarnpkg.com/ent/-/ent-0.0.7.tgz#835d4e7f9e7a8d4921c692e9010ec976da5e9949"

esprima@~0.9.9:
  version "0.9.9"
  resolved "https://registry.yarnpkg.com/esprima/-/esprima-0.9.9.tgz#1b90925c975d632d7282939c3bb9c3a423c30490"

faye-websocket@0.4.0:
  version "0.4.0"
  resolved "https://registry.yarnpkg.com/faye-websocket/-/faye-websocket-0.4.0.tgz#e9a8fc6b3e5a610f3308e8b9782876a01a745799"

faye-websocket@0.4.4:
  version "0.4.4"
  resolved "https://registry.yarnpkg.com/faye-websocket/-/faye-websocket-0.4.4.tgz#c14c5b3bf14d7417ffbfd990c0a7495cd9f337bc"

filed@0.0.7:
  version "0.0.7"
  resolved "https://registry.yarnpkg.com/filed/-/filed-0.0.7.tgz#3087ec531fb9a78600a6ec8e0b106e2c574d9773"

h@~0.1.0:
  version "0.1.0"
  resolved "https://registry.yarnpkg.com/h/-/h-0.1.0.tgz#24211fe1d9cef2b36cae8ff8255606ea12ecdfb5"

hound@~1.0.4:
  version "1.0.5"
  resolved "https://registry.yarnpkg.com/hound/-/hound-1.0.5.tgz#59bbd39220eb4a541dff4e2de341d6daf6f8a289"

http-browserify@~0.1.1:
  version "0.1.14"
  resolved "https://registry.yarnpkg.com/http-browserify/-/http-browserify-0.1.14.tgz#9c8b3f94002204547c7cbe5269afe2ea62f71c7f"
  dependencies:
    Base64 "~0.1.2"
    concat-stream "~1.0.0"

indexof@0.0.1:
  version "0.0.1"
  resolved "https://registry.yarnpkg.com/indexof/-/indexof-0.0.1.tgz#82dc336d232b9062179d05ab3293a66059fd435d"

live-reload@^1.1.0:
  version "1.1.0"
  resolved "https://registry.yarnpkg.com/live-reload/-/live-reload-1.1.0.tgz#2aa17e98a17d9c79dcade632c1469df19255fd60"
  dependencies:
    browserify-server "~2.0.3"
    filed "0.0.7"
    hound "~1.0.4"
    optimist "~0.3.4"
    reconnect "~0.1.3"
    shoe "0.0.5"
    watchr "~2.1.5"

mime@1.2.5:
  version "1.2.5"
  resolved "https://registry.yarnpkg.com/mime/-/mime-1.2.5.tgz#9eed073022a8bf5e16c8566c6867b8832bfbfa13"

mkdirp@~0.3.3:
  version "0.3.5"
  resolved "https://registry.yarnpkg.com/mkdirp/-/mkdirp-0.3.5.tgz#de3e5f8961c88c787ee1368df849ac4413eca8d7"

node-uuid@1.3.3:
  version "1.3.3"
  resolved "https://registry.yarnpkg.com/node-uuid/-/node-uuid-1.3.3.tgz#d3db4d7b56810d9e4032342766282af07391729b"

nub@~0.0.0:
  version "0.0.0"
  resolved "https://registry.yarnpkg.com/nub/-/nub-0.0.0.tgz#b369bd32bdde66af59605c3b0520bc219dccc04f"

optimist@~0.3.4:
  version "0.3.7"
  resolved "https://registry.yarnpkg.com/optimist/-/optimist-0.3.7.tgz#c90941ad59e4273328923074d2cf2e7cbc6ec0d9"
  dependencies:
    wordwrap "~0.0.2"

reconnect@~0.1.3:
  version "0.1.5"
  resolved "https://registry.yarnpkg.com/reconnect/-/reconnect-0.1.5.tgz#dffea252d61bebfb302ec170cef73d2d2e7658f2"
  dependencies:
    backoff "~1.0.0"
    h "~0.1.0"
    shoe "~0.0.7"

resolve@~0.2.0:
  version "0.2.8"
  resolved "https://registry.yarnpkg.com/resolve/-/resolve-0.2.8.tgz#fdb17d4abb0ecaf6f80d67ac03cf290088f6c0d0"

shoe@0.0.5:
  version "0.0.5"
  resolved "https://registry.yarnpkg.com/shoe/-/shoe-0.0.5.tgz#7b42dc20aca63166ac57f14852d495a1ccd3fbb3"
  dependencies:
    sockjs-client "git://github.com/substack/sockjs-client.git#browserify-npm"
    sockjs-windows "~0.3.1"

shoe@~0.0.7:
  version "0.0.15"
  resolved "https://registry.yarnpkg.com/shoe/-/shoe-0.0.15.tgz#baed8f1a7f08f530b66f0914287fcaa65b12443a"
  dependencies:
    sockjs "0.3.7"

"sockjs-client@git://github.com/substack/sockjs-client.git#browserify-npm":
  version "0.0.0-unreleasable"
  resolved "git://github.com/substack/sockjs-client.git#40d48d06b4dba884416bf88a051f76ca3c8ffcae"

sockjs-windows@~0.3.1:
  version "0.3.1"
  resolved "https://registry.yarnpkg.com/sockjs-windows/-/sockjs-windows-0.3.1.tgz#9985a4e435791d769408299954bd96de569c8ff6"
  dependencies:
    faye-websocket "0.4.0"
    node-uuid "1.3.3"

sockjs@0.3.7:
  version "0.3.7"
  resolved "https://registry.yarnpkg.com/sockjs/-/sockjs-0.3.7.tgz#2950e0586d8a9d3044958a831ade68db197749cb"
  dependencies:
    faye-websocket "0.4.4"
    node-uuid "1.3.3"

syntax-error@~0.0.0:
  version "0.0.1"
  resolved "https://registry.yarnpkg.com/syntax-error/-/syntax-error-0.0.1.tgz#019d075348cd8c5b79f0603c73e53891a7c5235d"
  dependencies:
    esprima "~0.9.9"

to-utf8@0.0.1:
  version "0.0.1"
  resolved "https://registry.yarnpkg.com/to-utf8/-/to-utf8-0.0.1.tgz#d17aea72ff2fba39b9e43601be7b3ff72e089852"

vm-browserify@~0.0.0:
  version "0.0.4"
  resolved "https://registry.yarnpkg.com/vm-browserify/-/vm-browserify-0.0.4.tgz#5d7ea45bbef9e4a6ff65f95438e0a87c357d5a73"
  dependencies:
    indexof "0.0.1"

watchr@~2.1.5:
  version "2.1.6"
  resolved "https://registry.yarnpkg.com/watchr/-/watchr-2.1.6.tgz#6dc895bf6c95ab6f5e06d811948b320a98413891"
  dependencies:
    bal-util "1.13.x"

wordwrap@~0.0.2:
  version "0.0.3"
  resolved "https://registry.yarnpkg.com/wordwrap/-/wordwrap-0.0.3.tgz#a3d5da6cd5c0bc0008d37234bbaf1bed63059107"
